
Microsoft Visual Studio Solution File, Format Version 12.00
# Visual Studio Version 16
VisualStudioVersion = 16.0.810.4
MinimumVisualStudioVersion = 10.0.40219.1
Project("{FAE04EC0-301F-11D3-BF4B-00C04F79EFBC}") = "Pathway", "Pathway\Pathway.csproj", "{1D4916E1-B2AE-4B36-A3EA-AC6A69AF982C}"
EndProject
Project("{FAE04EC0-301F-11D3-BF4B-00C04F79EFBC}") = "Pathway.DTOs", "Pathway.DTOs\Pathway.DTOs.csproj", "{D054E984-8D7E-46F5-AC65-CAE367E1F556}"
EndProject
Global
	GlobalSection(SolutionConfigurationPlatforms) = preSolution
		Debug|Any CPU = Debug|Any CPU
		Release|Any CPU = Release|Any CPU
	EndGlobalSection
	GlobalSection(ProjectConfigurationPlatforms) = postSolution
		{1D4916E1-B2AE-4B36-A3EA-AC6A69AF982C}.Debug|Any CPU.ActiveCfg = Debug|Any CPU
		{1D4916E1-B2AE-4B36-A3EA-AC6A69AF982C}.Debug|Any CPU.Build.0 = Debug|Any CPU
		{1D4916E1-B2AE-4B36-A3EA-AC6A69AF982C}.Release|Any CPU.ActiveCfg = Release|Any CPU
		{1D4916E1-B2AE-4B36-A3EA-AC6A69AF982C}.Release|Any CPU.Build.0 = Release|Any CPU
		{D054E984-8D7E-46F5-AC65-CAE367E1F556}.Debug|Any CPU.ActiveCfg = Debug|Any CPU
		{D054E984-8D7E-46F5-AC65-CAE367E1F556}.Debug|Any CPU.Build.0 = Debug|Any CPU
		{D054E984-8D7E-46F5-AC65-CAE367E1F556}.Release|Any CPU.ActiveCfg = Release|Any CPU
		{D054E984-8D7E-46F5-AC65-CAE367E1F556}.Release|Any CPU.Build.0 = Release|Any CPU
	EndGlobalSection
	GlobalSection(SolutionProperties) = preSolution
		HideSolutionNode = FALSE
	EndGlobalSection
	GlobalSection(ExtensibilityGlobals) = postSolution
		SolutionGuid = {7E367DFA-9C9D-46DA-81B9-40A0CBDDB525}
	EndGlobalSection
EndGlobal
